
Microsoft Visual Studio Solution File, Format Version 12.00
# Visual Studio 2017
Project("{FAE04EC0-301F-11D3-BF4B-00C04F79EFBC}") = "3-jam", "3-jam.csproj", "{C39E14AA-6359-8D2B-24A0-45ED8A18729D}"
EndProject
Global
	GlobalSection(SolutionConfigurationPlatforms) = preSolution
		Debug|Any CPU = Debug|Any CPU
		Release|Any CPU = Release|Any CPU
	EndGlobalSection
	GlobalSection(ProjectConfigurationPlatforms) = postSolution
		{C39E14AA-6359-8D2B-24A0-45ED8A18729D}.Debug|Any CPU.ActiveCfg = Debug|Any CPU
		{C39E14AA-6359-8D2B-24A0-45ED8A18729D}.Debug|Any CPU.Build.0 = Debug|Any CPU
		{C39E14AA-6359-8D2B-24A0-45ED8A18729D}.Release|Any CPU.ActiveCfg = Release|Any CPU
		{C39E14AA-6359-8D2B-24A0-45ED8A18729D}.Release|Any CPU.Build.0 = Release|Any CPU
	EndGlobalSection
	GlobalSection(SolutionProperties) = preSolution
		HideSolutionNode = FALSE
	EndGlobalSection
EndGlobal
